PODS:
  - AFNetworking (3.2.1):
    - AFNetworking/NSURLSession (= 3.2.1)
    - AFNetworking/Reachability (= 3.2.1)
    - AFNetworking/Security (= 3.2.1)
    - AFNetworking/Serialization (= 3.2.1)
    - AFNetworking/UIKit (= 3.2.1)
  - AFNetworking/NSURLSession (3.2.1):
    - AFNetworking/Reachability
    - AFNetworking/Security
    - AFNetworking/Serialization
  - AFNetworking/Reachability (3.2.1)
  - AFNetworking/Security (3.2.1)
  - AFNetworking/Serialization (3.2.1)
  - AFNetworking/UIKit (3.2.1):
    - AFNetworking/NSURLSession
  - MJExtension (3.0.17)
  - MJRefresh (3.2.0)
  - SDCycleScrollView (1.80):
    - SDWebImage (>= 5.0.0)
  - SDWebImage (5.0.6):
    - SDWebImage/Core (= 5.0.6)
  - SDWebImage/Core (5.0.6)
  - YYCache (1.0.4)
  - YYImage (1.0.4):
    - YYImage/Core (= 1.0.4)
  - YYImage/Core (1.0.4)
  - YYWebImage (1.0.5):
    - YYCache
    - YYImage

DEPENDENCIES:
  - AFNetworking (~> 3.0)
  - MJExtension
  - MJRefresh
  - SDCycleScrollView
  - SDWebImage (~> 5.0)
  - YYWebImage

SPEC REPOS:
  https://github.com/cocoapods/specs.git:
    - AFNetworking
    - MJExtension
    - MJRefresh
    - SDCycleScrollView
    - SDWebImage
    - YYCache
    - YYImage
    - YYWebImage

SPEC CHECKSUMS:
  AFNetworking: b6f891fdfaed196b46c7a83cf209e09697b94057
  MJExtension: 74ec83124a68891619fb7ba9c5c811bbf1691076
  MJRefresh: ed450d6eb9d3346a2cb033ab7eb6de090aeef437
  SDCycleScrollView: b3c9a5ed840c771c4938978174c7c9d9feefeb96
  SDWebImage: 920f1a2ff1ca8296ad34f6e0510a1ef1d70ac965
  YYCache: 8105b6638f5e849296c71f331ff83891a4942952
  YYImage: 1e1b62a9997399593e4b9c4ecfbbabbf1d3f3b54
  YYWebImage: 5f7f36aee2ae293f016d418c7d6ba05c4863e928

PODFILE CHECKSUM: d98a8a19d78b74c3a94746c846d0abd99e5a73e7

COCOAPODS: 1.7.5
